
Microsoft Visual Studio Solution File, Format Version 12.00
# Visual Studio 15
Project("{FAE04EC0-301F-11D3-BF4B-00C04F79EFBC}") = "NewSampleUsing", "NewSampleUsing\NewSampleUsing.csproj", "{E0967603-88EB-42E6-BA11-FE4C227E381E}"
EndProject
Project("{FAE04EC0-301F-11D3-BF4B-00C04F79EFBC}") = "MessagePrinterBinder", "..\MessagePrinterBinder\MessagePrinterBinder\MessagePrinterBinder.csproj", "{9FC05402-6ECA-4518-8C1D-D94CA10A5E29}"
EndProject
Global
	GlobalSection(SolutionConfigurationPlatforms) = preSolution
		Debug|iPhoneSimulator = Debug|iPhoneSimulator
		Release|iPhoneSimulator = Release|iPhoneSimulator
		Debug|iPhone = Debug|iPhone
		Release|iPhone = Release|iPhone
	EndGlobalSection
	GlobalSection(ProjectConfigurationPlatforms) = postSolution
		{E0967603-88EB-42E6-BA11-FE4C227E381E}.Debug|iPhoneSimulator.ActiveCfg = Debug|iPhoneSimulator
		{E0967603-88EB-42E6-BA11-FE4C227E381E}.Debug|iPhoneSimulator.Build.0 = Debug|iPhoneSimulator
		{E0967603-88EB-42E6-BA11-FE4C227E381E}.Release|iPhoneSimulator.ActiveCfg = Release|iPhoneSimulator
		{E0967603-88EB-42E6-BA11-FE4C227E381E}.Release|iPhoneSimulator.Build.0 = Release|iPhoneSimulator
		{E0967603-88EB-42E6-BA11-FE4C227E381E}.Debug|iPhone.ActiveCfg = Debug|iPhone
		{E0967603-88EB-42E6-BA11-FE4C227E381E}.Debug|iPhone.Build.0 = Debug|iPhone
		{E0967603-88EB-42E6-BA11-FE4C227E381E}.Release|iPhone.ActiveCfg = Release|iPhone
		{E0967603-88EB-42E6-BA11-FE4C227E381E}.Release|iPhone.Build.0 = Release|iPhone
		{9FC05402-6ECA-4518-8C1D-D94CA10A5E29}.Debug|iPhoneSimulator.ActiveCfg = Debug|Any CPU
		{9FC05402-6ECA-4518-8C1D-D94CA10A5E29}.Debug|iPhoneSimulator.Build.0 = Debug|Any CPU
		{9FC05402-6ECA-4518-8C1D-D94CA10A5E29}.Release|iPhoneSimulator.ActiveCfg = Release|Any CPU
		{9FC05402-6ECA-4518-8C1D-D94CA10A5E29}.Release|iPhoneSimulator.Build.0 = Release|Any CPU
		{9FC05402-6ECA-4518-8C1D-D94CA10A5E29}.Debug|iPhone.ActiveCfg = Debug|Any CPU
		{9FC05402-6ECA-4518-8C1D-D94CA10A5E29}.Debug|iPhone.Build.0 = Debug|Any CPU
		{9FC05402-6ECA-4518-8C1D-D94CA10A5E29}.Release|iPhone.ActiveCfg = Release|Any CPU
		{9FC05402-6ECA-4518-8C1D-D94CA10A5E29}.Release|iPhone.Build.0 = Release|Any CPU
	EndGlobalSection
EndGlobal
